
Microsoft Visual Studio Solution File, Format Version 12.00
# Visual Studio Version 16
VisualStudioVersion = 16.0.30406.217
MinimumVisualStudioVersion = 10.0.40219.1
Project("{FAE04EC0-301F-11D3-BF4B-00C04F79EFBC}") = "TasinmazMvc", "TasinmazMvc.csproj", "{B8F13579-DF65-46CA-90DA-7C8C647CB798}"
EndProject
Global
	GlobalSection(SolutionConfigurationPlatforms) = preSolution
		Debug|Any CPU = Debug|Any CPU
		Release|Any CPU = Release|Any CPU
	EndGlobalSection
	GlobalSection(ProjectConfigurationPlatforms) = postSolution
		{B8F13579-DF65-46CA-90DA-7C8C647CB798}.Debug|Any CPU.ActiveCfg = Debug|Any CPU
		{B8F13579-DF65-46CA-90DA-7C8C647CB798}.Debug|Any CPU.Build.0 = Debug|Any CPU
		{B8F13579-DF65-46CA-90DA-7C8C647CB798}.Release|Any CPU.ActiveCfg = Release|Any CPU
		{B8F13579-DF65-46CA-90DA-7C8C647CB798}.Release|Any CPU.Build.0 = Release|Any CPU
	EndGlobalSection
	GlobalSection(SolutionProperties) = preSolution
		HideSolutionNode = FALSE
	EndGlobalSection
	GlobalSection(ExtensibilityGlobals) = postSolution
		SolutionGuid = {4F0EBA52-E92F-403F-A90F-4B67DBF53A9C}
	EndGlobalSection
EndGlobal
